
Microsoft Visual Studio Solution File, Format Version 12.00
# Visual Studio 15
VisualStudioVersion = 15.0.28010.2016
MinimumVisualStudioVersion = 10.0.40219.1
Project("{FAE04EC0-301F-11D3-BF4B-00C04F79EFBC}") = "test", "test\test.csproj", "{79D10674-AB3F-4E00-8450-ACF91EC63B96}"
EndProject
Global
	GlobalSection(SolutionConfigurationPlatforms) = preSolution
		Debug|Any CPU = Debug|Any CPU
		Release|Any CPU = Release|Any CPU
	EndGlobalSection
	GlobalSection(ProjectConfigurationPlatforms) = postSolution
		{79D10674-AB3F-4E00-8450-ACF91EC63B96}.Debug|Any CPU.ActiveCfg = Debug|Any CPU
		{79D10674-AB3F-4E00-8450-ACF91EC63B96}.Debug|Any CPU.Build.0 = Debug|Any CPU
		{79D10674-AB3F-4E00-8450-ACF91EC63B96}.Release|Any CPU.ActiveCfg = Release|Any CPU
		{79D10674-AB3F-4E00-8450-ACF91EC63B96}.Release|Any CPU.Build.0 = Release|Any CPU
	EndGlobalSection
	GlobalSection(SolutionProperties) = preSolution
		HideSolutionNode = FALSE
	EndGlobalSection
	GlobalSection(ExtensibilityGlobals) = postSolution
		SolutionGuid = {2329D9B2-4C61-44D6-A433-54CBE57D6921}
	EndGlobalSection
EndGlobal
